
Microsoft Visual Studio Solution File, Format Version 12.00
# Visual Studio Version 17
VisualStudioVersion = 17.4.33205.214
MinimumVisualStudioVersion = 10.0.40219.1
Project("{9A19103F-16F7-4668-BE54-9A1E7A4F7556}") = "ImagesFunction", "ImagesFunction\ImagesFunction.csproj", "{504ABE89-758A-4E81-A7E0-222FE65F3BC3}"
EndProject
Project("{FAE04EC0-301F-11D3-BF4B-00C04F79EFBC}") = "GenerateFunction", "GenerateFunction\GenerateFunction.csproj", "{D761ACE3-2D87-415C-B5A4-FCDA6B370560}"
EndProject
Project("{FAE04EC0-301F-11D3-BF4B-00C04F79EFBC}") = "HelperLibrary", "HelperLibrary\HelperLibrary.csproj", "{9BBCF9BD-6142-4BA7-A540-208D4DE78545}"
EndProject
Global
	GlobalSection(SolutionConfigurationPlatforms) = preSolution
		Debug|Any CPU = Debug|Any CPU
		Release|Any CPU = Release|Any CPU
	EndGlobalSection
	GlobalSection(ProjectConfigurationPlatforms) = postSolution
		{504ABE89-758A-4E81-A7E0-222FE65F3BC3}.Debug|Any CPU.ActiveCfg = Debug|Any CPU
		{504ABE89-758A-4E81-A7E0-222FE65F3BC3}.Debug|Any CPU.Build.0 = Debug|Any CPU
		{504ABE89-758A-4E81-A7E0-222FE65F3BC3}.Release|Any CPU.ActiveCfg = Release|Any CPU
		{504ABE89-758A-4E81-A7E0-222FE65F3BC3}.Release|Any CPU.Build.0 = Release|Any CPU
		{D761ACE3-2D87-415C-B5A4-FCDA6B370560}.Debug|Any CPU.ActiveCfg = Debug|Any CPU
		{D761ACE3-2D87-415C-B5A4-FCDA6B370560}.Debug|Any CPU.Build.0 = Debug|Any CPU
		{D761ACE3-2D87-415C-B5A4-FCDA6B370560}.Release|Any CPU.ActiveCfg = Release|Any CPU
		{D761ACE3-2D87-415C-B5A4-FCDA6B370560}.Release|Any CPU.Build.0 = Release|Any CPU
		{9BBCF9BD-6142-4BA7-A540-208D4DE78545}.Debug|Any CPU.ActiveCfg = Debug|Any CPU
		{9BBCF9BD-6142-4BA7-A540-208D4DE78545}.Debug|Any CPU.Build.0 = Debug|Any CPU
		{9BBCF9BD-6142-4BA7-A540-208D4DE78545}.Release|Any CPU.ActiveCfg = Release|Any CPU
		{9BBCF9BD-6142-4BA7-A540-208D4DE78545}.Release|Any CPU.Build.0 = Release|Any CPU
	EndGlobalSection
	GlobalSection(SolutionProperties) = preSolution
		HideSolutionNode = FALSE
	EndGlobalSection
	GlobalSection(ExtensibilityGlobals) = postSolution
		SolutionGuid = {A31624CF-C3A2-415D-8AF5-C5FD761675F7}
	EndGlobalSection
EndGlobal
